
Microsoft Visual Studio Solution File, Format Version 12.00
# Visual Studio 2013
VisualStudioVersion = 12.0.30723.0
MinimumVisualStudioVersion = 10.0.40219.1
Project("{FAE04EC0-301F-11D3-BF4B-00C04F79EFBC}") = "LogicDesigner", "WindowsFormsTest\LogicDesigner.csproj", "{379A9520-F4E7-4554-B6F4-3A91FFE9C4FB}"
EndProject
Project("{2150E333-8FDC-42A3-9474-1A3956D46DE8}") = ".nuget", ".nuget", "{48AAFFA3-A20A-4883-9C92-4BEBDA3CBB5D}"
	ProjectSection(SolutionItems) = preProject
		.nuget\NuGet.Config = .nuget\NuGet.Config
		.nuget\NuGet.exe = .nuget\NuGet.exe
		.nuget\NuGet.targets = .nuget\NuGet.targets
	EndProjectSection
EndProject
Project("{930C7802-8A8C-48F9-8165-68863BCCD9DD}") = "LogicDesignerInstaller", "LogicDesignerInstaller\LogicDesignerInstaller.wixproj", "{0721F4E2-BA0C-415E-BB42-8455962A4CAF}"
EndProject
Global
	GlobalSection(SolutionConfigurationPlatforms) = preSolution
		Debug|Any CPU = Debug|Any CPU
		Release|Any CPU = Release|Any CPU
	EndGlobalSection
	GlobalSection(ProjectConfigurationPlatforms) = postSolution
		{379A9520-F4E7-4554-B6F4-3A91FFE9C4FB}.Debug|Any CPU.ActiveCfg = Debug|x86
		{379A9520-F4E7-4554-B6F4-3A91FFE9C4FB}.Debug|Any CPU.Build.0 = Debug|x86
		{379A9520-F4E7-4554-B6F4-3A91FFE9C4FB}.Release|Any CPU.ActiveCfg = Release|x86
		{379A9520-F4E7-4554-B6F4-3A91FFE9C4FB}.Release|Any CPU.Build.0 = Release|x86
		{0721F4E2-BA0C-415E-BB42-8455962A4CAF}.Debug|Any CPU.ActiveCfg = Debug|x86
		{0721F4E2-BA0C-415E-BB42-8455962A4CAF}.Release|Any CPU.ActiveCfg = Release|x86
		{0721F4E2-BA0C-415E-BB42-8455962A4CAF}.Release|Any CPU.Build.0 = Release|x86
	EndGlobalSection
	GlobalSection(SolutionProperties) = preSolution
		HideSolutionNode = FALSE
	EndGlobalSection
EndGlobal
